
Microsoft Visual Studio Solution File, Format Version 12.00
# Visual Studio 15
VisualStudioVersion = 15.0.27703.2026
MinimumVisualStudioVersion = 10.0.40219.1
Project("{FAE04EC0-301F-11D3-BF4B-00C04F79EFBC}") = "Colecciones", "Colecciones\Colecciones.csproj", "{68009B6F-5EB3-471B-9BD4-D6ACCA7EEBBA}"
EndProject
Global
	GlobalSection(SolutionConfigurationPlatforms) = preSolution
		Debug|Any CPU = Debug|Any CPU
		Release|Any CPU = Release|Any CPU
	EndGlobalSection
	GlobalSection(ProjectConfigurationPlatforms) = postSolution
		{68009B6F-5EB3-471B-9BD4-D6ACCA7EEBBA}.Debug|Any CPU.ActiveCfg = Debug|Any CPU
		{68009B6F-5EB3-471B-9BD4-D6ACCA7EEBBA}.Debug|Any CPU.Build.0 = Debug|Any CPU
		{68009B6F-5EB3-471B-9BD4-D6ACCA7EEBBA}.Release|Any CPU.ActiveCfg = Release|Any CPU
		{68009B6F-5EB3-471B-9BD4-D6ACCA7EEBBA}.Release|Any CPU.Build.0 = Release|Any CPU
	EndGlobalSection
	GlobalSection(SolutionProperties) = preSolution
		HideSolutionNode = FALSE
	EndGlobalSection
	GlobalSection(ExtensibilityGlobals) = postSolution
		SolutionGuid = {E9CDF536-34FF-45F1-8BD6-C5E2DF09451A}
	EndGlobalSection
EndGlobal
